
Microsoft Visual Studio Solution File, Format Version 12.00
# Visual Studio Version 17
VisualStudioVersion = 17.2.32630.192
MinimumVisualStudioVersion = 10.0.40219.1
Project("{9A19103F-16F7-4668-BE54-9A1E7A4F7556}") = "Part2.algoritm", "Part2.algoritm.csproj", "{34201AEE-7457-423B-9F01-9E1DA410BCEC}"
EndProject
Project("{9A19103F-16F7-4668-BE54-9A1E7A4F7556}") = "Exercise", "..\Exercise\Exercise.csproj", "{CEDD3E0A-B7A2-4A00-9786-83903E3529B5}"
EndProject
Project("{9A19103F-16F7-4668-BE54-9A1E7A4F7556}") = "Exercise2_tree", "..\Exercise2_tree\Exercise2_tree.csproj", "{9330779D-7B67-4592-A61A-68654952F96D}"
EndProject
Project("{FAE04EC0-301F-11D3-BF4B-00C04F79EFBC}") = "Exercise3_PriorityQueue", "..\Exercise3_PriorityQueue\Exercise3_PriorityQueue.csproj", "{B7F658D3-4C42-4CCD-9D93-0A269531915C}"
EndProject
Global
	GlobalSection(SolutionConfigurationPlatforms) = preSolution
		Debug|Any CPU = Debug|Any CPU
		Release|Any CPU = Release|Any CPU
	EndGlobalSection
	GlobalSection(ProjectConfigurationPlatforms) = postSolution
		{34201AEE-7457-423B-9F01-9E1DA410BCEC}.Debug|Any CPU.ActiveCfg = Debug|Any CPU
		{34201AEE-7457-423B-9F01-9E1DA410BCEC}.Debug|Any CPU.Build.0 = Debug|Any CPU
		{34201AEE-7457-423B-9F01-9E1DA410BCEC}.Release|Any CPU.ActiveCfg = Release|Any CPU
		{34201AEE-7457-423B-9F01-9E1DA410BCEC}.Release|Any CPU.Build.0 = Release|Any CPU
		{CEDD3E0A-B7A2-4A00-9786-83903E3529B5}.Debug|Any CPU.ActiveCfg = Debug|Any CPU
		{CEDD3E0A-B7A2-4A00-9786-83903E3529B5}.Debug|Any CPU.Build.0 = Debug|Any CPU
		{CEDD3E0A-B7A2-4A00-9786-83903E3529B5}.Release|Any CPU.ActiveCfg = Release|Any CPU
		{CEDD3E0A-B7A2-4A00-9786-83903E3529B5}.Release|Any CPU.Build.0 = Release|Any CPU
		{9330779D-7B67-4592-A61A-68654952F96D}.Debug|Any CPU.ActiveCfg = Debug|Any CPU
		{9330779D-7B67-4592-A61A-68654952F96D}.Debug|Any CPU.Build.0 = Debug|Any CPU
		{9330779D-7B67-4592-A61A-68654952F96D}.Release|Any CPU.ActiveCfg = Release|Any CPU
		{9330779D-7B67-4592-A61A-68654952F96D}.Release|Any CPU.Build.0 = Release|Any CPU
		{B7F658D3-4C42-4CCD-9D93-0A269531915C}.Debug|Any CPU.ActiveCfg = Debug|Any CPU
		{B7F658D3-4C42-4CCD-9D93-0A269531915C}.Debug|Any CPU.Build.0 = Debug|Any CPU
		{B7F658D3-4C42-4CCD-9D93-0A269531915C}.Release|Any CPU.ActiveCfg = Release|Any CPU
		{B7F658D3-4C42-4CCD-9D93-0A269531915C}.Release|Any CPU.Build.0 = Release|Any CPU
	EndGlobalSection
	GlobalSection(SolutionProperties) = preSolution
		HideSolutionNode = FALSE
	EndGlobalSection
	GlobalSection(ExtensibilityGlobals) = postSolution
		SolutionGuid = {85018177-BAA1-4E81-A215-0E9F10592D1D}
	EndGlobalSection
EndGlobal
